
Microsoft Visual Studio Solution File, Format Version 11.00
# Visual Studio 2010
Project("{FAE04EC0-301F-11D3-BF4B-00C04F79EFBC}") = "IngCsvParser", "IngCsvParser\IngCsvParser.csproj", "{AD491926-6E94-418D-A303-AA56DD6586B2}"
EndProject
Project("{FAE04EC0-301F-11D3-BF4B-00C04F79EFBC}") = "IngCsvParser.Tests", "IngCsvParser.Tests\IngCsvParser.Tests.csproj", "{865E299F-3DB9-43A1-876F-17EF66BEE7BF}"
EndProject
Project("{2150E333-8FDC-42A3-9474-1A3956D46DE8}") = "Solution Files", "Solution Files", "{FE558713-A253-4C38-BA38-689467504FA8}"
	ProjectSection(SolutionItems) = preProject
		LICENSE = LICENSE
		README.md = README.md
	EndProjectSection
EndProject
Global
	GlobalSection(SolutionConfigurationPlatforms) = preSolution
		Debug|Any CPU = Debug|Any CPU
		Debug|Mixed Platforms = Debug|Mixed Platforms
		Debug|x86 = Debug|x86
		Release|Any CPU = Release|Any CPU
		Release|Mixed Platforms = Release|Mixed Platforms
		Release|x86 = Release|x86
	EndGlobalSection
	GlobalSection(ProjectConfigurationPlatforms) = postSolution
		{AD491926-6E94-418D-A303-AA56DD6586B2}.Debug|Any CPU.ActiveCfg = Debug|x86
		{AD491926-6E94-418D-A303-AA56DD6586B2}.Debug|Mixed Platforms.ActiveCfg = Debug|x86
		{AD491926-6E94-418D-A303-AA56DD6586B2}.Debug|Mixed Platforms.Build.0 = Debug|x86
		{AD491926-6E94-418D-A303-AA56DD6586B2}.Debug|x86.ActiveCfg = Debug|x86
		{AD491926-6E94-418D-A303-AA56DD6586B2}.Debug|x86.Build.0 = Debug|x86
		{AD491926-6E94-418D-A303-AA56DD6586B2}.Release|Any CPU.ActiveCfg = Release|x86
		{AD491926-6E94-418D-A303-AA56DD6586B2}.Release|Mixed Platforms.ActiveCfg = Release|x86
		{AD491926-6E94-418D-A303-AA56DD6586B2}.Release|Mixed Platforms.Build.0 = Release|x86
		{AD491926-6E94-418D-A303-AA56DD6586B2}.Release|x86.ActiveCfg = Release|x86
		{AD491926-6E94-418D-A303-AA56DD6586B2}.Release|x86.Build.0 = Release|x86
		{865E299F-3DB9-43A1-876F-17EF66BEE7BF}.Debug|Any CPU.ActiveCfg = Debug|Any CPU
		{865E299F-3DB9-43A1-876F-17EF66BEE7BF}.Debug|Any CPU.Build.0 = Debug|Any CPU
		{865E299F-3DB9-43A1-876F-17EF66BEE7BF}.Debug|Mixed Platforms.ActiveCfg = Debug|Any CPU
		{865E299F-3DB9-43A1-876F-17EF66BEE7BF}.Debug|Mixed Platforms.Build.0 = Debug|Any CPU
		{865E299F-3DB9-43A1-876F-17EF66BEE7BF}.Debug|x86.ActiveCfg = Debug|Any CPU
		{865E299F-3DB9-43A1-876F-17EF66BEE7BF}.Release|Any CPU.ActiveCfg = Release|Any CPU
		{865E299F-3DB9-43A1-876F-17EF66BEE7BF}.Release|Any CPU.Build.0 = Release|Any CPU
		{865E299F-3DB9-43A1-876F-17EF66BEE7BF}.Release|Mixed Platforms.ActiveCfg = Release|Any CPU
		{865E299F-3DB9-43A1-876F-17EF66BEE7BF}.Release|Mixed Platforms.Build.0 = Release|Any CPU
		{865E299F-3DB9-43A1-876F-17EF66BEE7BF}.Release|x86.ActiveCfg = Release|Any CPU
	EndGlobalSection
	GlobalSection(SolutionProperties) = preSolution
		HideSolutionNode = FALSE
	EndGlobalSection
EndGlobal
